
Microsoft Visual Studio Solution File, Format Version 12.00
# Visual Studio Version 16
VisualStudioVersion = 16.0.31205.134
MinimumVisualStudioVersion = 10.0.40219.1
Project("{FAE04EC0-301F-11D3-BF4B-00C04F79EFBC}") = "Lab2-16-2", "Lab2-16-2.csproj", "{A7C23F0B-1F8C-4DA9-9929-B97C30225DED}"
EndProject
Global
	GlobalSection(SolutionConfigurationPlatforms) = preSolution
		Debug|Any CPU = Debug|Any CPU
		Release|Any CPU = Release|Any CPU
	EndGlobalSection
	GlobalSection(ProjectConfigurationPlatforms) = postSolution
		{A7C23F0B-1F8C-4DA9-9929-B97C30225DED}.Debug|Any CPU.ActiveCfg = Debug|Any CPU
		{A7C23F0B-1F8C-4DA9-9929-B97C30225DED}.Debug|Any CPU.Build.0 = Debug|Any CPU
		{A7C23F0B-1F8C-4DA9-9929-B97C30225DED}.Release|Any CPU.ActiveCfg = Release|Any CPU
		{A7C23F0B-1F8C-4DA9-9929-B97C30225DED}.Release|Any CPU.Build.0 = Release|Any CPU
	EndGlobalSection
	GlobalSection(SolutionProperties) = preSolution
		HideSolutionNode = FALSE
	EndGlobalSection
	GlobalSection(ExtensibilityGlobals) = postSolution
		SolutionGuid = {18FE0042-B706-4980-B342-63A864A1BA05}
	EndGlobalSection
EndGlobal
